
Microsoft Visual Studio Solution File, Format Version 12.00
# Visual Studio Version 17
VisualStudioVersion = 17.11.35303.130
MinimumVisualStudioVersion = 10.0.40219.1
Project("{2150E333-8FDC-42A3-9474-1A3956D46DE8}") = "Task0", "Task0", "{11555EA1-89B5-4664-8346-6FE6D023886D}"
EndProject
Project("{9A19103F-16F7-4668-BE54-9A1E7A4F7556}") = "Tyuiu.TiasinIA.Sprint5.Task0.V1", "Tyuiu.TiasinIA.Sprint5.Task0.V1\Tyuiu.TiasinIA.Sprint5.Task0.V1.csproj", "{BB0F01BF-CF8D-42FD-8CAB-DF4F97DEFD78}"
EndProject
Project("{9A19103F-16F7-4668-BE54-9A1E7A4F7556}") = "Tyuiu.TiasinIA.Sprint5.Task0.V1.Lib", "Tyuiu.TiasinIA.Sprint5.Task0.V1.Lib\Tyuiu.TiasinIA.Sprint5.Task0.V1.Lib.csproj", "{A365CA7B-FF02-4F8E-9AB2-1928B45CB5B2}"
EndProject
Project("{9A19103F-16F7-4668-BE54-9A1E7A4F7556}") = "Tyuiu.TiasinIA.Sprint5.Task0.V1.Test", "Tyuiu.TiasinIA.Sprint5.Task0.V1.Test\Tyuiu.TiasinIA.Sprint5.Task0.V1.Test.csproj", "{3AD75352-A2FB-487E-B12C-AFF75B5DD4EA}"
EndProject
Project("{2150E333-8FDC-42A3-9474-1A3956D46DE8}") = "Task1", "Task1", "{4A5FDBCC-464A-45AD-85D7-C68CF2EC1ABA}"
EndProject
Project("{FAE04EC0-301F-11D3-BF4B-00C04F79EFBC}") = "Tyuiu.TiasinIA.Sprint5.Task1.V5", "Tyuiu.TiasinIA.Sprint5.Task1.V5\Tyuiu.TiasinIA.Sprint5.Task1.V5.csproj", "{6AAB1063-5F14-4BE1-BA7C-E519FD8EE65F}"
EndProject
Project("{FAE04EC0-301F-11D3-BF4B-00C04F79EFBC}") = "Tyuiu.TiasinIA.Sprint5.Task1.V5.Test", "Tyuiu.TiasinIA.Sprint5.Task1.V5.Test\Tyuiu.TiasinIA.Sprint5.Task1.V5.Test.csproj", "{1E2D5C49-954D-4642-829F-3E4DEFE2D95F}"
EndProject
Project("{2150E333-8FDC-42A3-9474-1A3956D46DE8}") = "Task2", "Task2", "{74311B57-91FE-43BD-8AF5-40F2F7849897}"
EndProject
Project("{FAE04EC0-301F-11D3-BF4B-00C04F79EFBC}") = "Tyuiu.TiasinIA.Sprint5.Task2.V20", "Tyuiu.TiasinIA.Sprint5.Task2.V20\Tyuiu.TiasinIA.Sprint5.Task2.V20.csproj", "{A202C2D5-6A3C-44E8-8B62-D389A5812FB5}"
EndProject
Project("{FAE04EC0-301F-11D3-BF4B-00C04F79EFBC}") = "Tyuiu.TiasinIA.Sprint5.Task2.V20.Lib", "Tyuiu.TiasinIA.Sprint5.Task2.V20.Lib\Tyuiu.TiasinIA.Sprint5.Task2.V20.Lib.csproj", "{6A8E757B-9CDC-4372-AADD-D9115E20F652}"
EndProject
Project("{FAE04EC0-301F-11D3-BF4B-00C04F79EFBC}") = "Tyuiu.TiasinIA.Sprint5.Task2.V20.Test", "Tyuiu.TiasinIA.Sprint5.Task2.V20.Test\Tyuiu.TiasinIA.Sprint5.Task2.V20.Test.csproj", "{B0BFC995-D23C-47EF-8CEB-A136345B7563}"
EndProject
Project("{FAE04EC0-301F-11D3-BF4B-00C04F79EFBC}") = "Tyuiu.TiasinIA.Sprint5.Task1.V5.Lib", "Tyuiu.TiasinIA.Sprint5.Task1.V5.Lib\Tyuiu.TiasinIA.Sprint5.Task1.V5.Lib.csproj", "{4F64C926-56F0-4AFF-B85A-99190ADEB5D7}"
EndProject
Project("{2150E333-8FDC-42A3-9474-1A3956D46DE8}") = "Task3", "Task3", "{E18032D8-7475-48F8-BBA3-AEE158E88128}"
EndProject
Project("{FAE04EC0-301F-11D3-BF4B-00C04F79EFBC}") = "Tyuiu.TiasinIA.Sprint5.Task3.V24", "Tyuiu.TiasinIA.Sprint5.Task3.V24\Tyuiu.TiasinIA.Sprint5.Task3.V24.csproj", "{E3686607-5B98-47B8-9901-7859C127C7F1}"
EndProject
Project("{FAE04EC0-301F-11D3-BF4B-00C04F79EFBC}") = "Tyuiu.TiasinIA.Sprint5.Task3.V24.Lib", "Tyuiu.TiasinIA.Sprint5.Task3.V24.Lib\Tyuiu.TiasinIA.Sprint5.Task3.V24.Lib.csproj", "{475B64E5-8AE1-4A4B-8129-09F8FFA5F5B6}"
EndProject
Project("{FAE04EC0-301F-11D3-BF4B-00C04F79EFBC}") = "Tyuiu.TiasinIA.Sprint5.Task3.V24.Test", "Tyuiu.TiasinIA.Sprint5.Task3.V24.Test\Tyuiu.TiasinIA.Sprint5.Task3.V24.Test.csproj", "{53D69747-6CBB-4EE5-9342-A52CFC4E6172}"
EndProject
Global
	GlobalSection(SolutionConfigurationPlatforms) = preSolution
		Debug|Any CPU = Debug|Any CPU
		Release|Any CPU = Release|Any CPU
	EndGlobalSection
	GlobalSection(ProjectConfigurationPlatforms) = postSolution
		{BB0F01BF-CF8D-42FD-8CAB-DF4F97DEFD78}.Debug|Any CPU.ActiveCfg = Debug|Any CPU
		{BB0F01BF-CF8D-42FD-8CAB-DF4F97DEFD78}.Debug|Any CPU.Build.0 = Debug|Any CPU
		{BB0F01BF-CF8D-42FD-8CAB-DF4F97DEFD78}.Release|Any CPU.ActiveCfg = Release|Any CPU
		{BB0F01BF-CF8D-42FD-8CAB-DF4F97DEFD78}.Release|Any CPU.Build.0 = Release|Any CPU
		{A365CA7B-FF02-4F8E-9AB2-1928B45CB5B2}.Debug|Any CPU.ActiveCfg = Debug|Any CPU
		{A365CA7B-FF02-4F8E-9AB2-1928B45CB5B2}.Debug|Any CPU.Build.0 = Debug|Any CPU
		{A365CA7B-FF02-4F8E-9AB2-1928B45CB5B2}.Release|Any CPU.ActiveCfg = Release|Any CPU
		{A365CA7B-FF02-4F8E-9AB2-1928B45CB5B2}.Release|Any CPU.Build.0 = Release|Any CPU
		{3AD75352-A2FB-487E-B12C-AFF75B5DD4EA}.Debug|Any CPU.ActiveCfg = Debug|Any CPU
		{3AD75352-A2FB-487E-B12C-AFF75B5DD4EA}.Debug|Any CPU.Build.0 = Debug|Any CPU
		{3AD75352-A2FB-487E-B12C-AFF75B5DD4EA}.Release|Any CPU.ActiveCfg = Release|Any CPU
		{3AD75352-A2FB-487E-B12C-AFF75B5DD4EA}.Release|Any CPU.Build.0 = Release|Any CPU
		{6AAB1063-5F14-4BE1-BA7C-E519FD8EE65F}.Debug|Any CPU.ActiveCfg = Debug|Any CPU
		{6AAB1063-5F14-4BE1-BA7C-E519FD8EE65F}.Debug|Any CPU.Build.0 = Debug|Any CPU
		{6AAB1063-5F14-4BE1-BA7C-E519FD8EE65F}.Release|Any CPU.ActiveCfg = Release|Any CPU
		{6AAB1063-5F14-4BE1-BA7C-E519FD8EE65F}.Release|Any CPU.Build.0 = Release|Any CPU
		{1E2D5C49-954D-4642-829F-3E4DEFE2D95F}.Debug|Any CPU.ActiveCfg = Debug|Any CPU
		{1E2D5C49-954D-4642-829F-3E4DEFE2D95F}.Debug|Any CPU.Build.0 = Debug|Any CPU
		{1E2D5C49-954D-4642-829F-3E4DEFE2D95F}.Release|Any CPU.ActiveCfg = Release|Any CPU
		{1E2D5C49-954D-4642-829F-3E4DEFE2D95F}.Release|Any CPU.Build.0 = Release|Any CPU
		{A202C2D5-6A3C-44E8-8B62-D389A5812FB5}.Debug|Any CPU.ActiveCfg = Debug|Any CPU
		{A202C2D5-6A3C-44E8-8B62-D389A5812FB5}.Debug|Any CPU.Build.0 = Debug|Any CPU
		{A202C2D5-6A3C-44E8-8B62-D389A5812FB5}.Release|Any CPU.ActiveCfg = Release|Any CPU
		{A202C2D5-6A3C-44E8-8B62-D389A5812FB5}.Release|Any CPU.Build.0 = Release|Any CPU
		{6A8E757B-9CDC-4372-AADD-D9115E20F652}.Debug|Any CPU.ActiveCfg = Debug|Any CPU
		{6A8E757B-9CDC-4372-AADD-D9115E20F652}.Debug|Any CPU.Build.0 = Debug|Any CPU
		{6A8E757B-9CDC-4372-AADD-D9115E20F652}.Release|Any CPU.ActiveCfg = Release|Any CPU
		{6A8E757B-9CDC-4372-AADD-D9115E20F652}.Release|Any CPU.Build.0 = Release|Any CPU
		{B0BFC995-D23C-47EF-8CEB-A136345B7563}.Debug|Any CPU.ActiveCfg = Debug|Any CPU
		{B0BFC995-D23C-47EF-8CEB-A136345B7563}.Debug|Any CPU.Build.0 = Debug|Any CPU
		{B0BFC995-D23C-47EF-8CEB-A136345B7563}.Release|Any CPU.ActiveCfg = Release|Any CPU
		{B0BFC995-D23C-47EF-8CEB-A136345B7563}.Release|Any CPU.Build.0 = Release|Any CPU
		{4F64C926-56F0-4AFF-B85A-99190ADEB5D7}.Debug|Any CPU.ActiveCfg = Debug|Any CPU
		{4F64C926-56F0-4AFF-B85A-99190ADEB5D7}.Debug|Any CPU.Build.0 = Debug|Any CPU
		{4F64C926-56F0-4AFF-B85A-99190ADEB5D7}.Release|Any CPU.ActiveCfg = Release|Any CPU
		{4F64C926-56F0-4AFF-B85A-99190ADEB5D7}.Release|Any CPU.Build.0 = Release|Any CPU
		{E3686607-5B98-47B8-9901-7859C127C7F1}.Debug|Any CPU.ActiveCfg = Debug|Any CPU
		{E3686607-5B98-47B8-9901-7859C127C7F1}.Debug|Any CPU.Build.0 = Debug|Any CPU
		{E3686607-5B98-47B8-9901-7859C127C7F1}.Release|Any CPU.ActiveCfg = Release|Any CPU
		{E3686607-5B98-47B8-9901-7859C127C7F1}.Release|Any CPU.Build.0 = Release|Any CPU
		{475B64E5-8AE1-4A4B-8129-09F8FFA5F5B6}.Debug|Any CPU.ActiveCfg = Debug|Any CPU
		{475B64E5-8AE1-4A4B-8129-09F8FFA5F5B6}.Debug|Any CPU.Build.0 = Debug|Any CPU
		{475B64E5-8AE1-4A4B-8129-09F8FFA5F5B6}.Release|Any CPU.ActiveCfg = Release|Any CPU
		{475B64E5-8AE1-4A4B-8129-09F8FFA5F5B6}.Release|Any CPU.Build.0 = Release|Any CPU
		{53D69747-6CBB-4EE5-9342-A52CFC4E6172}.Debug|Any CPU.ActiveCfg = Debug|Any CPU
		{53D69747-6CBB-4EE5-9342-A52CFC4E6172}.Debug|Any CPU.Build.0 = Debug|Any CPU
		{53D69747-6CBB-4EE5-9342-A52CFC4E6172}.Release|Any CPU.ActiveCfg = Release|Any CPU
		{53D69747-6CBB-4EE5-9342-A52CFC4E6172}.Release|Any CPU.Build.0 = Release|Any CPU
	EndGlobalSection
	GlobalSection(SolutionProperties) = preSolution
		HideSolutionNode = FALSE
	EndGlobalSection
	GlobalSection(NestedProjects) = preSolution
		{BB0F01BF-CF8D-42FD-8CAB-DF4F97DEFD78} = {11555EA1-89B5-4664-8346-6FE6D023886D}
		{A365CA7B-FF02-4F8E-9AB2-1928B45CB5B2} = {11555EA1-89B5-4664-8346-6FE6D023886D}
		{3AD75352-A2FB-487E-B12C-AFF75B5DD4EA} = {11555EA1-89B5-4664-8346-6FE6D023886D}
		{6AAB1063-5F14-4BE1-BA7C-E519FD8EE65F} = {4A5FDBCC-464A-45AD-85D7-C68CF2EC1ABA}
		{1E2D5C49-954D-4642-829F-3E4DEFE2D95F} = {4A5FDBCC-464A-45AD-85D7-C68CF2EC1ABA}
		{A202C2D5-6A3C-44E8-8B62-D389A5812FB5} = {74311B57-91FE-43BD-8AF5-40F2F7849897}
		{6A8E757B-9CDC-4372-AADD-D9115E20F652} = {74311B57-91FE-43BD-8AF5-40F2F7849897}
		{B0BFC995-D23C-47EF-8CEB-A136345B7563} = {74311B57-91FE-43BD-8AF5-40F2F7849897}
		{4F64C926-56F0-4AFF-B85A-99190ADEB5D7} = {4A5FDBCC-464A-45AD-85D7-C68CF2EC1ABA}
		{E3686607-5B98-47B8-9901-7859C127C7F1} = {E18032D8-7475-48F8-BBA3-AEE158E88128}
		{475B64E5-8AE1-4A4B-8129-09F8FFA5F5B6} = {E18032D8-7475-48F8-BBA3-AEE158E88128}
		{53D69747-6CBB-4EE5-9342-A52CFC4E6172} = {E18032D8-7475-48F8-BBA3-AEE158E88128}
	EndGlobalSection
	GlobalSection(ExtensibilityGlobals) = postSolution
		SolutionGuid = {C565930D-4435-417D-AC15-C306EE9DF51C}
	EndGlobalSection
EndGlobal
